{
  "nodes": {
    "crane": {
      "locked": {
        "lastModified": 1789760033,
        "narHash": "sha256-jtT4yxZpR8seYnlCMMWSSPlFN92zO6ICuZ8pJrmi86k=",
        "owner": "ipetkov",
        "repo": "crane",
        "rev": "73b980519cefc727a5f6cc8e5c0947a2f9be6edd",
        "type": "github"
      },
      "original": {
        "owner": "ipetkov",
        "repo": "crane",
        "type": "github"
      }
    },
    "loginsicompass": {
      "inputs": {
        "crane": [
          "crane"
        ],
        "nixpkgs": [
          "nixpkgs"
        ],
        "sicompass-ui": "sicompass-ui"
      },
      "locked": {
        "lastModified": 1790296333,
        "narHash": "sha256-bvpdaB/Sc+qGAp8A+FSeFp2OVkclsTcPwCg77eE8ihs=",
        "owner": "friendlyflow",
        "repo": "loginsicompass",
        "rev": "e5fab9a2cd522d465f39e8e9e558d8acd46e844a",
        "type": "github"
      },
      "original": {
        "owner": "friendlyflow",
        "ref": "v0.2.0",
        "repo": "loginsicompass",
        "type": "github"
      }
    },
    "nixpkgs": {
      "locked": {
        "lastModified": 1790185690,
        "narHash": "sha256-xJ+X4hBtOcAFGBOe5nAMyMUeF9foJBmIOu3NjBqBycU=",
        "owner": "NixOS",
        "repo": "nixpkgs",
        "rev": "4975466d324710c576dc11ad614684e6bd8cad8e",
        "type": "github"
      },
      "original": {
        "owner": "NixOS",
        "ref": "nixos-unstable",
        "repo": "nixpkgs",
        "type": "github"
      }
    },
    "nixpkgs-x86-darwin": {
      "locked": {
        "lastModified": 1790117938,
        "narHash": "sha256-KgxFEzwzcmyNe4mqlYtsZjzy40mLcNVKtaeoCf5tCGg=",
        "owner": "NixOS",
        "repo": "nixpkgs",
        "rev": "bd495b825e5c4365131f9b744cce923d42c06158",
        "type": "github"
      },
      "original": {
        "owner": "NixOS",
        "ref": "nixpkgs-26.05-darwin",
        "repo": "nixpkgs",
        "type": "github"
      }
    },
    "nixpkgs-x86-darwin_2": {
      "locked": {
        "lastModified": 1789485310,
        "narHash": "sha256-VsDMTLSkAAJmbNha6sGNzlF33X7RESWLl3SnjDQu+4U=",
        "owner": "NixOS",
        "repo": "nixpkgs",
        "rev": "0c32f40fe3e2a9adfc427fd5abc061a31043ea44",
        "type": "github"
      },
      "original": {
        "owner": "NixOS",
        "ref": "nixpkgs-26.05-darwin",
        "repo": "nixpkgs",
        "type": "github"
      }
    },
    "root": {
      "inputs": {
        "crane": "crane",
        "loginsicompass": "loginsicompass",
        "nixpkgs": "nixpkgs",
        "sicompass": "sicompass"
      }
    },
    "sicompass": {
      "inputs": {
        "crane": [
          "crane"
        ],
        "nixpkgs": [
          "nixpkgs"
        ],
        "nixpkgs-x86-darwin": "nixpkgs-x86-darwin_2"
      },
      "locked": {
        "lastModified": 1790299141,
        "narHash": "sha256-vM1lTCguUz2XalgR5of8Zt7jqItYfHGT7Jie2QqGgqY=",
        "owner": "friendlyflow",
        "repo": "sicompass",
        "rev": "077954bfb0c133484ff87791982c01f0691d195b",
        "type": "github"
      },
      "original": {
        "owner": "friendlyflow",
        "ref": "v0.2.0",
        "repo": "sicompass",
        "type": "github"
      }
    },
    "sicompass-ui": {
      "inputs": {
        "crane": [
          "loginsicompass",
          "crane"
        ],
        "nixpkgs": [
          "loginsicompass",
          "nixpkgs"
        ],
        "nixpkgs-x86-darwin": "nixpkgs-x86-darwin"
      },
      "locked": {
        "lastModified": 1790295728,
        "narHash": "sha256-LDBQyoekyv1cUZ4y/VlNAdvsGVcm217liObQttuqock=",
        "owner": "friendlyflow",
        "repo": "sicompass-ui",
        "rev": "fe792b4f8e810926d23a4802311d9dc744ebf97b",
        "type": "github"
      },
      "original": {
        "owner": "friendlyflow",
        "ref": "v0.2.0",
        "repo": "sicompass-ui",
        "type": "github"
      }
    }
  },
  "root": "root",
  "version": 7
}
